
Microsoft Visual Studio Solution File, Format Version 12.00
# Visual Studio Version 16
VisualStudioVersion = 16.0.32802.440
MinimumVisualStudioVersion = 10.0.40219.1
Project("{FAE04EC0-301F-11D3-BF4B-00C04F79EFBC}") = "Exercicio_Avulso1", "Exercicio_Avulso1\Exercicio_Avulso1.csproj", "{E88655EB-B3C8-4DC8-9A65-60B74A851640}"
EndProject
Global
	GlobalSection(SolutionConfigurationPlatforms) = preSolution
		Debug|Any CPU = Debug|Any CPU
		Release|Any CPU = Release|Any CPU
	EndGlobalSection
	GlobalSection(ProjectConfigurationPlatforms) = postSolution
		{E88655EB-B3C8-4DC8-9A65-60B74A851640}.Debug|Any CPU.ActiveCfg = Debug|Any CPU
		{E88655EB-B3C8-4DC8-9A65-60B74A851640}.Debug|Any CPU.Build.0 = Debug|Any CPU
		{E88655EB-B3C8-4DC8-9A65-60B74A851640}.Release|Any CPU.ActiveCfg = Release|Any CPU
		{E88655EB-B3C8-4DC8-9A65-60B74A851640}.Release|Any CPU.Build.0 = Release|Any CPU
	EndGlobalSection
	GlobalSection(SolutionProperties) = preSolution
		HideSolutionNode = FALSE
	EndGlobalSection
	GlobalSection(ExtensibilityGlobals) = postSolution
		SolutionGuid = {EA6D063C-B081-4A12-A6F1-B1AD38CC75A7}
	EndGlobalSection
EndGlobal
